
Microsoft Visual Studio Solution File, Format Version 11.00
# Visual Studio 2010
Project("{FAE04EC0-301F-11D3-BF4B-00C04F79EFBC}") = "PegSolitaire", "PegSolitaire\PegSolitaire.csproj", "{8F4AC4D7-CDED-4187-8D00-71F84AFAA360}"
EndProject
Project("{FAE04EC0-301F-11D3-BF4B-00C04F79EFBC}") = "PegSolitaire.UnitTests", "PegSolitaire.UnitTests\PegSolitaire.UnitTests.csproj", "{F2864379-1D4D-4BBF-904A-707FFB6F7DAF}"
EndProject
Project("{FAE04EC0-301F-11D3-BF4B-00C04F79EFBC}") = "TestApp", "TestApp\TestApp.csproj", "{7097348F-B94D-4A0A-8F2A-90F50CD39AE7}"
EndProject
Global
	GlobalSection(SolutionConfigurationPlatforms) = preSolution
		Debug|Any CPU = Debug|Any CPU
		Debug|Mixed Platforms = Debug|Mixed Platforms
		Debug|x86 = Debug|x86
		Release|Any CPU = Release|Any CPU
		Release|Mixed Platforms = Release|Mixed Platforms
		Release|x86 = Release|x86
	EndGlobalSection
	GlobalSection(ProjectConfigurationPlatforms) = postSolution
		{8F4AC4D7-CDED-4187-8D00-71F84AFAA360}.Debug|Any CPU.ActiveCfg = Debug|Any CPU
		{8F4AC4D7-CDED-4187-8D00-71F84AFAA360}.Debug|Any CPU.Build.0 = Debug|Any CPU
		{8F4AC4D7-CDED-4187-8D00-71F84AFAA360}.Debug|Mixed Platforms.ActiveCfg = Debug|Any CPU
		{8F4AC4D7-CDED-4187-8D00-71F84AFAA360}.Debug|Mixed Platforms.Build.0 = Debug|Any CPU
		{8F4AC4D7-CDED-4187-8D00-71F84AFAA360}.Debug|x86.ActiveCfg = Debug|Any CPU
		{8F4AC4D7-CDED-4187-8D00-71F84AFAA360}.Release|Any CPU.ActiveCfg = Release|Any CPU
		{8F4AC4D7-CDED-4187-8D00-71F84AFAA360}.Release|Any CPU.Build.0 = Release|Any CPU
		{8F4AC4D7-CDED-4187-8D00-71F84AFAA360}.Release|Mixed Platforms.ActiveCfg = Release|Any CPU
		{8F4AC4D7-CDED-4187-8D00-71F84AFAA360}.Release|Mixed Platforms.Build.0 = Release|Any CPU
		{8F4AC4D7-CDED-4187-8D00-71F84AFAA360}.Release|x86.ActiveCfg = Release|Any CPU
		{F2864379-1D4D-4BBF-904A-707FFB6F7DAF}.Debug|Any CPU.ActiveCfg = Debug|Any CPU
		{F2864379-1D4D-4BBF-904A-707FFB6F7DAF}.Debug|Any CPU.Build.0 = Debug|Any CPU
		{F2864379-1D4D-4BBF-904A-707FFB6F7DAF}.Debug|Mixed Platforms.ActiveCfg = Debug|Any CPU
		{F2864379-1D4D-4BBF-904A-707FFB6F7DAF}.Debug|Mixed Platforms.Build.0 = Debug|Any CPU
		{F2864379-1D4D-4BBF-904A-707FFB6F7DAF}.Debug|x86.ActiveCfg = Debug|Any CPU
		{F2864379-1D4D-4BBF-904A-707FFB6F7DAF}.Release|Any CPU.ActiveCfg = Release|Any CPU
		{F2864379-1D4D-4BBF-904A-707FFB6F7DAF}.Release|Any CPU.Build.0 = Release|Any CPU
		{F2864379-1D4D-4BBF-904A-707FFB6F7DAF}.Release|Mixed Platforms.ActiveCfg = Release|Any CPU
		{F2864379-1D4D-4BBF-904A-707FFB6F7DAF}.Release|Mixed Platforms.Build.0 = Release|Any CPU
		{F2864379-1D4D-4BBF-904A-707FFB6F7DAF}.Release|x86.ActiveCfg = Release|Any CPU
		{7097348F-B94D-4A0A-8F2A-90F50CD39AE7}.Debug|Any CPU.ActiveCfg = Debug|Any CPU
		{7097348F-B94D-4A0A-8F2A-90F50CD39AE7}.Debug|Any CPU.Build.0 = Debug|Any CPU
		{7097348F-B94D-4A0A-8F2A-90F50CD39AE7}.Debug|Mixed Platforms.ActiveCfg = Debug|x86
		{7097348F-B94D-4A0A-8F2A-90F50CD39AE7}.Debug|Mixed Platforms.Build.0 = Debug|x86
		{7097348F-B94D-4A0A-8F2A-90F50CD39AE7}.Debug|x86.ActiveCfg = Debug|x86
		{7097348F-B94D-4A0A-8F2A-90F50CD39AE7}.Debug|x86.Build.0 = Debug|x86
		{7097348F-B94D-4A0A-8F2A-90F50CD39AE7}.Release|Any CPU.ActiveCfg = Release|x86
		{7097348F-B94D-4A0A-8F2A-90F50CD39AE7}.Release|Mixed Platforms.ActiveCfg = Release|x86
		{7097348F-B94D-4A0A-8F2A-90F50CD39AE7}.Release|Mixed Platforms.Build.0 = Release|x86
		{7097348F-B94D-4A0A-8F2A-90F50CD39AE7}.Release|x86.ActiveCfg = Release|x86
		{7097348F-B94D-4A0A-8F2A-90F50CD39AE7}.Release|x86.Build.0 = Release|x86
	EndGlobalSection
	GlobalSection(SolutionProperties) = preSolution
		HideSolutionNode = FALSE
	EndGlobalSection
EndGlobal
